
Microsoft Visual Studio Solution File, Format Version 12.00
# Visual Studio Version 16
VisualStudioVersion = 16.0.29201.188
MinimumVisualStudioVersion = 10.0.40219.1
Project("{F184B08F-C81C-45F6-A57F-5ABD9991F28F}") = "NAA_DB", "NAA_DB.vbproj", "{267A5F21-1741-43FC-910A-4B8DA71F9104}"
EndProject
Project("{2150E333-8FDC-42A3-9474-1A3956D46DE8}") = "Solution Items", "Solution Items", "{18FF49AF-F7E5-4464-AF29-73854FEF2F37}"
	ProjectSection(SolutionItems) = preProject
		Local.testsettings = Local.testsettings
		NAA_DB.vsmdi = NAA_DB.vsmdi
		TraceAndTestImpact.testsettings = TraceAndTestImpact.testsettings
	EndProjectSection
EndProject
Project("{9A19103F-16F7-4668-BE54-9A1E7A4F7556}") = "Extensions", "Extensions\Extensions.csproj", "{93857A67-5872-4789-8FF2-217D92CAE0EC}"
EndProject
Global
	GlobalSection(SolutionConfigurationPlatforms) = preSolution
		Debug|Any CPU = Debug|Any CPU
		Debug|Mixed Platforms = Debug|Mixed Platforms
		Debug|x64 = Debug|x64
		Debug|x86 = Debug|x86
		Release|Any CPU = Release|Any CPU
		Release|Mixed Platforms = Release|Mixed Platforms
		Release|x64 = Release|x64
		Release|x86 = Release|x86
	EndGlobalSection
	GlobalSection(ProjectConfigurationPlatforms) = postSolution
		{267A5F21-1741-43FC-910A-4B8DA71F9104}.Debug|Any CPU.ActiveCfg = Debug|x86
		{267A5F21-1741-43FC-910A-4B8DA71F9104}.Debug|Mixed Platforms.ActiveCfg = Debug|x86
		{267A5F21-1741-43FC-910A-4B8DA71F9104}.Debug|Mixed Platforms.Build.0 = Debug|x86
		{267A5F21-1741-43FC-910A-4B8DA71F9104}.Debug|x64.ActiveCfg = Debug|x64
		{267A5F21-1741-43FC-910A-4B8DA71F9104}.Debug|x64.Build.0 = Debug|x64
		{267A5F21-1741-43FC-910A-4B8DA71F9104}.Debug|x86.ActiveCfg = Debug|x86
		{267A5F21-1741-43FC-910A-4B8DA71F9104}.Debug|x86.Build.0 = Debug|x86
		{267A5F21-1741-43FC-910A-4B8DA71F9104}.Release|Any CPU.ActiveCfg = Release|x86
		{267A5F21-1741-43FC-910A-4B8DA71F9104}.Release|Mixed Platforms.ActiveCfg = Release|x86
		{267A5F21-1741-43FC-910A-4B8DA71F9104}.Release|Mixed Platforms.Build.0 = Release|x86
		{267A5F21-1741-43FC-910A-4B8DA71F9104}.Release|x64.ActiveCfg = Release|x64
		{267A5F21-1741-43FC-910A-4B8DA71F9104}.Release|x64.Build.0 = Release|x64
		{267A5F21-1741-43FC-910A-4B8DA71F9104}.Release|x86.ActiveCfg = Release|x86
		{267A5F21-1741-43FC-910A-4B8DA71F9104}.Release|x86.Build.0 = Release|x86
		{93857A67-5872-4789-8FF2-217D92CAE0EC}.Debug|Any CPU.ActiveCfg = Debug|Any CPU
		{93857A67-5872-4789-8FF2-217D92CAE0EC}.Debug|Any CPU.Build.0 = Debug|Any CPU
		{93857A67-5872-4789-8FF2-217D92CAE0EC}.Debug|Mixed Platforms.ActiveCfg = Debug|Any CPU
		{93857A67-5872-4789-8FF2-217D92CAE0EC}.Debug|Mixed Platforms.Build.0 = Debug|Any CPU
		{93857A67-5872-4789-8FF2-217D92CAE0EC}.Debug|x64.ActiveCfg = Debug|Any CPU
		{93857A67-5872-4789-8FF2-217D92CAE0EC}.Debug|x64.Build.0 = Debug|Any CPU
		{93857A67-5872-4789-8FF2-217D92CAE0EC}.Debug|x86.ActiveCfg = Debug|Any CPU
		{93857A67-5872-4789-8FF2-217D92CAE0EC}.Debug|x86.Build.0 = Debug|Any CPU
		{93857A67-5872-4789-8FF2-217D92CAE0EC}.Release|Any CPU.ActiveCfg = Release|Any CPU
		{93857A67-5872-4789-8FF2-217D92CAE0EC}.Release|Any CPU.Build.0 = Release|Any CPU
		{93857A67-5872-4789-8FF2-217D92CAE0EC}.Release|Mixed Platforms.ActiveCfg = Release|Any CPU
		{93857A67-5872-4789-8FF2-217D92CAE0EC}.Release|Mixed Platforms.Build.0 = Release|Any CPU
		{93857A67-5872-4789-8FF2-217D92CAE0EC}.Release|x64.ActiveCfg = Release|Any CPU
		{93857A67-5872-4789-8FF2-217D92CAE0EC}.Release|x64.Build.0 = Release|Any CPU
		{93857A67-5872-4789-8FF2-217D92CAE0EC}.Release|x86.ActiveCfg = Release|Any CPU
		{93857A67-5872-4789-8FF2-217D92CAE0EC}.Release|x86.Build.0 = Release|Any CPU
	EndGlobalSection
	GlobalSection(SolutionProperties) = preSolution
		HideSolutionNode = FALSE
	EndGlobalSection
	GlobalSection(ExtensibilityGlobals) = postSolution
		SolutionGuid = {D887D833-9859-4D5E-A1A8-46E5C1C5FDB4}
	EndGlobalSection
	GlobalSection(Performance) = preSolution
		HasPerformanceSessions = true
	EndGlobalSection
	GlobalSection(Performance) = preSolution
		HasPerformanceSessions = true
	EndGlobalSection
	GlobalSection(Performance) = preSolution
		HasPerformanceSessions = true
	EndGlobalSection
	GlobalSection(SubversionScc) = preSolution
		Svn-Managed = True
		Manager = AnkhSVN - Subversion Support for Visual Studio
	EndGlobalSection
	GlobalSection(TestCaseManagementSettings) = postSolution
		CategoryFile = NAA_DB.vsmdi
	EndGlobalSection
EndGlobal
